// !$*UTF8*$!
{
	archiveVersion = 1;
	classes = {
	};
	objectVersion = 56;
	objects = {

/* Begin PBXBuildFile section */
		B6100C4F2C571A8400D86B45 /* Project13InstaFilterApp.swift in Sources */ = {isa = PBXBuildFile; fileRef = B6100C4E2C571A8400D86B45 /* Project13InstaFilterApp.swift */; };
		B6100C512C571A8400D86B45 /* ContentView.swift in Sources */ = {isa = PBXBuildFile; fileRef = B6100C502C571A8400D86B45 /* ContentView.swift */; };
		B6100C532C571A8600D86B45 /* Assets.xcassets in Resources */ = {isa = PBXBuildFile; fileRef = B6100C522C571A8600D86B45 /* Assets.xcassets */; };
		B6100C562C571A8600D86B45 /* Preview Assets.xcassets in Resources */ = {isa = PBXBuildFile; fileRef = B6100C552C571A8600D86B45 /* Preview Assets.xcassets */; };
		B6100C5E2C571BE800D86B45 /* PropertyWrappersBecomeStructs.swift in Sources */ = {isa = PBXBuildFile; fileRef = B6100C5D2C571BE800D86B45 /* PropertyWrappersBecomeStructs.swift */; };
		B6100C602C571DD900D86B45 /* UsingonChange.swift in Sources */ = {isa = PBXBuildFile; fileRef = B6100C5F2C571DD900D86B45 /* UsingonChange.swift */; };
		B6100C622C571EB800D86B45 /* MultipleOptionsWithConfirmationDialog.swift in Sources */ = {isa = PBXBuildFile; fileRef = B6100C612C571EB800D86B45 /* MultipleOptionsWithConfirmationDialog.swift */; };
		B6100C642C5721FF00D86B45 /* IntegratingCoreImage.swift in Sources */ = {isa = PBXBuildFile; fileRef = B6100C632C5721FF00D86B45 /* IntegratingCoreImage.swift */; };
		B6100C662C572B4D00D86B45 /* EmptyStatesWithContentUnavailableVIew.swift in Sources */ = {isa = PBXBuildFile; fileRef = B6100C652C572B4D00D86B45 /* EmptyStatesWithContentUnavailableVIew.swift */; };
		B6100C682C57B0A700D86B45 /* LoadingPhotos.swift in Sources */ = {isa = PBXBuildFile; fileRef = B6100C672C57B0A700D86B45 /* LoadingPhotos.swift */; };
		B6100C6A2C57B48200D86B45 /* ShareContentWithShareLink.swift in Sources */ = {isa = PBXBuildFile; fileRef = B6100C692C57B48200D86B45 /* ShareContentWithShareLink.swift */; };
		B6100C6C2C57B6D500D86B45 /* AppStoreReview.swift in Sources */ = {isa = PBXBuildFile; fileRef = B6100C6B2C57B6D500D86B45 /* AppStoreReview.swift */; };
/* End PBXBuildFile section */

/* Begin PBXFileReference section */
		B6100C4B2C571A8400D86B45 /* Project13InstaFilter.app */ = {isa = PBXFileReference; explicitFileType = wrapper.application; includeInIndex = 0; path = Project13InstaFilter.app; sourceTree = BUILT_PRODUCTS_DIR; };
		B6100C4E2C571A8400D86B45 /* Project13InstaFilterApp.swift */ = {isa = PBXFileReference; lastKnownFileType = sourcecode.swift; path = Project13InstaFilterApp.swift; sourceTree = "<group>"; };
		B6100C502C571A8400D86B45 /* ContentView.swift */ = {isa = PBXFileReference; lastKnownFileType = sourcecode.swift; path = ContentView.swift; sourceTree = "<group>"; };
		B6100C522C571A8600D86B45 /* Assets.xcassets */ = {isa = PBXFileReference; lastKnownFileType = folder.assetcatalog; path = Assets.xcassets; sourceTree = "<group>"; };
		B6100C552C571A8600D86B45 /* Preview Assets.xcassets */ = {isa = PBXFileReference; lastKnownFileType = folder.assetcatalog; path = "Preview Assets.xcassets"; sourceTree = "<group>"; };
		B6100C5D2C571BE800D86B45 /* PropertyWrappersBecomeStructs.swift */ = {isa = PBXFileReference; lastKnownFileType = sourcecode.swift; path = PropertyWrappersBecomeStructs.swift; sourceTree = "<group>"; };
		B6100C5F2C571DD900D86B45 /* UsingonChange.swift */ = {isa = PBXFileReference; lastKnownFileType = sourcecode.swift; path = UsingonChange.swift; sourceTree = "<group>"; };
		B6100C612C571EB800D86B45 /* MultipleOptionsWithConfirmationDialog.swift */ = {isa = PBXFileReference; lastKnownFileType = sourcecode.swift; path = MultipleOptionsWithConfirmationDialog.swift; sourceTree = "<group>"; };
		B6100C632C5721FF00D86B45 /* IntegratingCoreImage.swift */ = {isa = PBXFileReference; lastKnownFileType = sourcecode.swift; path = IntegratingCoreImage.swift; sourceTree = "<group>"; };
		B6100C652C572B4D00D86B45 /* EmptyStatesWithContentUnavailableVIew.swift */ = {isa = PBXFileReference; lastKnownFileType = sourcecode.swift; path = EmptyStatesWithContentUnavailableVIew.swift; sourceTree = "<group>"; };
		B6100C672C57B0A700D86B45 /* LoadingPhotos.swift */ = {isa = PBXFileReference; lastKnownFileType = sourcecode.swift; path = LoadingPhotos.swift; sourceTree = "<group>"; };
		B6100C692C57B48200D86B45 /* ShareContentWithShareLink.swift */ = {isa = PBXFileReference; lastKnownFileType = sourcecode.swift; path = ShareContentWithShareLink.swift; sourceTree = "<group>"; };
		B6100C6B2C57B6D500D86B45 /* AppStoreReview.swift */ = {isa = PBXFileReference; lastKnownFileType = sourcecode.swift; path = AppStoreReview.swift; sourceTree = "<group>"; };
/* End PBXFileReference section */

/* Begin PBXFrameworksBuildPhase section */
		B6100C482C571A8400D86B45 /* Frameworks */ = {
			isa = PBXFrameworksBuildPhase;
			buildActionMask = 2147483647;
			files = (
			);
			runOnlyForDeploymentPostprocessing = 0;
		};
/* End PBXFrameworksBuildPhase section */

/* Begin PBXGroup section */
		B6100C422C571A8400D86B45 = {
			isa = PBXGroup;
			children = (
				B6100C4D2C571A8400D86B45 /* Project13InstaFilter */,
				B6100C4C2C571A8400D86B45 /* Products */,
			);
			sourceTree = "<group>";
		};
		B6100C4C2C571A8400D86B45 /* Products */ = {
			isa = PBXGroup;
			children = (
				B6100C4B2C571A8400D86B45 /* Project13InstaFilter.app */,
			);
			name = Products;
			sourceTree = "<group>";
		};
		B6100C4D2C571A8400D86B45 /* Project13InstaFilter */ = {
			isa = PBXGroup;
			children = (
				B6100C5C2C571BD200D86B45 /* Learning */,
				B6100C4E2C571A8400D86B45 /* Project13InstaFilterApp.swift */,
				B6100C502C571A8400D86B45 /* ContentView.swift */,
				B6100C522C571A8600D86B45 /* Assets.xcassets */,
				B6100C542C571A8600D86B45 /* Preview Content */,
			);
			path = Project13InstaFilter;
			sourceTree = "<group>";
		};
		B6100C542C571A8600D86B45 /* Preview Content */ = {
			isa = PBXGroup;
			children = (
				B6100C552C571A8600D86B45 /* Preview Assets.xcassets */,
			);
			path = "Preview Content";
			sourceTree = "<group>";
		};
		B6100C5C2C571BD200D86B45 /* Learning */ = {
			isa = PBXGroup;
			children = (
				B6100C5D2C571BE800D86B45 /* PropertyWrappersBecomeStructs.swift */,
				B6100C5F2C571DD900D86B45 /* UsingonChange.swift */,
				B6100C612C571EB800D86B45 /* MultipleOptionsWithConfirmationDialog.swift */,
				B6100C632C5721FF00D86B45 /* IntegratingCoreImage.swift */,
				B6100C652C572B4D00D86B45 /* EmptyStatesWithContentUnavailableVIew.swift */,
				B6100C672C57B0A700D86B45 /* LoadingPhotos.swift */,
				B6100C692C57B48200D86B45 /* ShareContentWithShareLink.swift */,
				B6100C6B2C57B6D500D86B45 /* AppStoreReview.swift */,
			);
			path = Learning;
			sourceTree = "<group>";
		};
/* End PBXGroup section */

/* Begin PBXNativeTarget section */
		B6100C4A2C571A8400D86B45 /* Project13InstaFilter */ = {
			isa = PBXNativeTarget;
			buildConfigurationList = B6100C592C571A8600D86B45 /* Build configuration list for PBXNativeTarget "Project13InstaFilter" */;
			buildPhases = (
				B6100C472C571A8400D86B45 /* Sources */,
				B6100C482C571A8400D86B45 /* Frameworks */,
				B6100C492C571A8400D86B45 /* Resources */,
			);
			buildRules = (
			);
			dependencies = (
			);
			name = Project13InstaFilter;
			productName = Project13InstaFilter;
			productReference = B6100C4B2C571A8400D86B45 /* Project13InstaFilter.app */;
			productType = "com.apple.product-type.application";
		};
/* End PBXNativeTarget section */

/* Begin PBXProject section */
		B6100C432C571A8400D86B45 /* Project object */ = {
			isa = PBXProject;
			attributes = {
				BuildIndependentTargetsInParallel = 1;
				LastSwiftUpdateCheck = 1540;
				LastUpgradeCheck = 1540;
				TargetAttributes = {
					B6100C4A2C571A8400D86B45 = {
						CreatedOnToolsVersion = 15.4;
					};
				};
			};
			buildConfigurationList = B6100C462C571A8400D86B45 /* Build configuration list for PBXProject "Project13InstaFilter" */;
			compatibilityVersion = "Xcode 14.0";
			developmentRegion = en;
			hasScannedForEncodings = 0;
			knownRegions = (
				en,
				Base,
			);
			mainGroup = B6100C422C571A8400D86B45;
			productRefGroup = B6100C4C2C571A8400D86B45 /* Products */;
			projectDirPath = "";
			projectRoot = "";
			targets = (
				B6100C4A2C571A8400D86B45 /* Project13InstaFilter */,
			);
		};
/* End PBXProject section */

/* Begin PBXResourcesBuildPhase section */
		B6100C492C571A8400D86B45 /* Resources */ = {
			isa = PBXResourcesBuildPhase;
			buildActionMask = 2147483647;
			files = (
				B6100C562C571A8600D86B45 /* Preview Assets.xcassets in Resources */,
				B6100C532C571A8600D86B45 /* Assets.xcassets in Resources */,
			);
			runOnlyForDeploymentPostprocessing = 0;
		};
/* End PBXResourcesBuildPhase section */

/* Begin PBXSourcesBuildPhase section */
		B6100C472C571A8400D86B45 /* Sources */ = {
			isa = PBXSourcesBuildPhase;
			buildActionMask = 2147483647;
			files = (
				B6100C662C572B4D00D86B45 /* EmptyStatesWithContentUnavailableVIew.swift in Sources */,
				B6100C6C2C57B6D500D86B45 /* AppStoreReview.swift in Sources */,
				B6100C6A2C57B48200D86B45 /* ShareContentWithShareLink.swift in Sources */,
				B6100C682C57B0A700D86B45 /* LoadingPhotos.swift in Sources */,
				B6100C5E2C571BE800D86B45 /* PropertyWrappersBecomeStructs.swift in Sources */,
				B6100C512C571A8400D86B45 /* ContentView.swift in Sources */,
				B6100C4F2C571A8400D86B45 /* Project13InstaFilterApp.swift in Sources */,
				B6100C602C571DD900D86B45 /* UsingonChange.swift in Sources */,
				B6100C622C571EB800D86B45 /* MultipleOptionsWithConfirmationDialog.swift in Sources */,
				B6100C642C5721FF00D86B45 /* IntegratingCoreImage.swift in Sources */,
			);
			runOnlyForDeploymentPostprocessing = 0;
		};
/* End PBXSourcesBuildPhase section */

/* Begin XCBuildConfiguration section */
		B6100C572C571A8600D86B45 /* Debug */ = {
			isa = XCBuildConfiguration;
			buildSettings = {
				ALWAYS_SEARCH_USER_PATHS = NO;
				ASSETCATALOG_COMPILER_GENERATE_SWIFT_ASSET_SYMBOL_EXTENSIONS = YES;
				CLANG_ANALYZER_NONNULL = YES;
				CLANG_ANALYZER_NUMBER_OBJECT_CONVERSION = YES_AGGRESSIVE;
				CLANG_CXX_LANGUAGE_STANDARD = "gnu++20";
				CLANG_ENABLE_MODULES = YES;
				CLANG_ENABLE_OBJC_ARC = YES;
				CLANG_ENABLE_OBJC_WEAK = YES;
				CLANG_WARN_BLOCK_CAPTURE_AUTORELEASING = YES;
				CLANG_WARN_BOOL_CONVERSION = YES;
				CLANG_WARN_COMMA = YES;
				CLANG_WARN_CONSTANT_CONVERSION = YES;
				CLANG_WARN_DEPRECATED_OBJC_IMPLEMENTATIONS = YES;
				CLANG_WARN_DIRECT_OBJC_ISA_USAGE = YES_ERROR;
				CLANG_WARN_DOCUMENTATION_COMMENTS = YES;
				CLANG_WARN_EMPTY_BODY = YES;
				CLANG_WARN_ENUM_CONVERSION = YES;
				CLANG_WARN_INFINITE_RECURSION = YES;
				CLANG_WARN_INT_CONVERSION = YES;
				CLANG_WARN_NON_LITERAL_NULL_CONVERSION = YES;
				CLANG_WARN_OBJC_IMPLICIT_RETAIN_SELF = YES;
				CLANG_WARN_OBJC_LITERAL_CONVERSION = YES;
				CLANG_WARN_OBJC_ROOT_CLASS = YES_ERROR;
				CLANG_WARN_QUOTED_INCLUDE_IN_FRAMEWORK_HEADER = YES;
				CLANG_WARN_RANGE_LOOP_ANALYSIS = YES;
				CLANG_WARN_STRICT_PROTOTYPES = YES;
				CLANG_WARN_SUSPICIOUS_MOVE = YES;
				CLANG_WARN_UNGUARDED_AVAILABILITY = YES_AGGRESSIVE;
				CLANG_WARN_UNREACHABLE_CODE = YES;
				CLANG_WARN__DUPLICATE_METHOD_MATCH = YES;
				COPY_PHASE_STRIP = NO;
				DEBUG_INFORMATION_FORMAT = dwarf;
				ENABLE_STRICT_OBJC_MSGSEND = YES;
				ENABLE_TESTABILITY = YES;
				ENABLE_USER_SCRIPT_SANDBOXING = YES;
				GCC_C_LANGUAGE_STANDARD = gnu17;
				GCC_DYNAMIC_NO_PIC = NO;
				GCC_NO_COMMON_BLOCKS = YES;
				GCC_OPTIMIZATION_LEVEL = 0;
				GCC_PREPROCESSOR_DEFINITIONS = (
					"DEBUG=1",
					"$(inherited)",
				);
				GCC_WARN_64_TO_32_BIT_CONVERSION = YES;
				GCC_WARN_ABOUT_RETURN_TYPE = YES_ERROR;
				GCC_WARN_UNDECLARED_SELECTOR = YES;
				GCC_WARN_UNINITIALIZED_AUTOS = YES_AGGRESSIVE;
				GCC_WARN_UNUSED_FUNCTION = YES;
				GCC_WARN_UNUSED_VARIABLE = YES;
				IPHONEOS_DEPLOYMENT_TARGET = 17.5;
				LOCALIZATION_PREFERS_STRING_CATALOGS = YES;
				MTL_ENABLE_DEBUG_INFO = INCLUDE_SOURCE;
				MTL_FAST_MATH = YES;
				ONLY_ACTIVE_ARCH = YES;
				SDKROOT = iphoneos;
				SWIFT_ACTIVE_COMPILATION_CONDITIONS = "DEBUG $(inherited)";
				SWIFT_OPTIMIZATION_LEVEL = "-Onone";
			};
			name = Debug;
		};
		B6100C582C571A8600D86B45 /* Release */ = {
			isa = XCBuildConfiguration;
			buildSettings = {
				ALWAYS_SEARCH_USER_PATHS = NO;
				ASSETCATALOG_COMPILER_GENERATE_SWIFT_ASSET_SYMBOL_EXTENSIONS = YES;
				CLANG_ANALYZER_NONNULL = YES;
				CLANG_ANALYZER_NUMBER_OBJECT_CONVERSION = YES_AGGRESSIVE;
				CLANG_CXX_LANGUAGE_STANDARD = "gnu++20";
				CLANG_ENABLE_MODULES = YES;
				CLANG_ENABLE_OBJC_ARC = YES;
				CLANG_ENABLE_OBJC_WEAK = YES;
				CLANG_WARN_BLOCK_CAPTURE_AUTORELEASING = YES;
				CLANG_WARN_BOOL_CONVERSION = YES;
				CLANG_WARN_COMMA = YES;
				CLANG_WARN_CONSTANT_CONVERSION = YES;
				CLANG_WARN_DEPRECATED_OBJC_IMPLEMENTATIONS = YES;
				CLANG_WARN_DIRECT_OBJC_ISA_USAGE = YES_ERROR;
				CLANG_WARN_DOCUMENTATION_COMMENTS = YES;
				CLANG_WARN_EMPTY_BODY = YES;
				CLANG_WARN_ENUM_CONVERSION = YES;
				CLANG_WARN_INFINITE_RECURSION = YES;
				CLANG_WARN_INT_CONVERSION = YES;
				CLANG_WARN_NON_LITERAL_NULL_CONVERSION = YES;
				CLANG_WARN_OBJC_IMPLICIT_RETAIN_SELF = YES;
				CLANG_WARN_OBJC_LITERAL_CONVERSION = YES;
				CLANG_WARN_OBJC_ROOT_CLASS = YES_ERROR;
				CLANG_WARN_QUOTED_INCLUDE_IN_FRAMEWORK_HEADER = YES;
				CLANG_WARN_RANGE_LOOP_ANALYSIS = YES;
				CLANG_WARN_STRICT_PROTOTYPES = YES;
				CLANG_WARN_SUSPICIOUS_MOVE = YES;
				CLANG_WARN_UNGUARDED_AVAILABILITY = YES_AGGRESSIVE;
				CLANG_WARN_UNREACHABLE_CODE = YES;
				CLANG_WARN__DUPLICATE_METHOD_MATCH = YES;
				COPY_PHASE_STRIP = NO;
				DEBUG_INFORMATION_FORMAT = "dwarf-with-dsym";
				ENABLE_NS_ASSERTIONS = NO;
				ENABLE_STRICT_OBJC_MSGSEND = YES;
				ENABLE_USER_SCRIPT_SANDBOXING = YES;
				GCC_C_LANGUAGE_STANDARD = gnu17;
				GCC_NO_COMMON_BLOCKS = YES;
				GCC_WARN_64_TO_32_BIT_CONVERSION = YES;
				GCC_WARN_ABOUT_RETURN_TYPE = YES_ERROR;
				GCC_WARN_UNDECLARED_SELECTOR = YES;
				GCC_WARN_UNINITIALIZED_AUTOS = YES_AGGRESSIVE;
				GCC_WARN_UNUSED_FUNCTION = YES;
				GCC_WARN_UNUSED_VARIABLE = YES;
				IPHONEOS_DEPLOYMENT_TARGET = 17.5;
				LOCALIZATION_PREFERS_STRING_CATALOGS = YES;
				MTL_ENABLE_DEBUG_INFO = NO;
				MTL_FAST_MATH = YES;
				SDKROOT = iphoneos;
				SWIFT_COMPILATION_MODE = wholemodule;
				VALIDATE_PRODUCT = YES;
			};
			name = Release;
		};
		B6100C5A2C571A8600D86B45 /* Debug */ = {
			isa = XCBuildConfiguration;
			buildSettings = {
				ASSETCATALOG_COMPILER_APPICON_NAME = AppIcon;
				ASSETCATALOG_COMPILER_GLOBAL_ACCENT_COLOR_NAME = AccentColor;
				CODE_SIGN_STYLE = Automatic;
				CURRENT_PROJECT_VERSION = 1;
				DEVELOPMENT_ASSET_PATHS = "\"Project13InstaFilter/Preview Content\"";
				DEVELOPMENT_TEAM = 9675LQ3TRQ;
				ENABLE_PREVIEWS = YES;
				GENERATE_INFOPLIST_FILE = YES;
				INFOPLIST_KEY_UIApplicationSceneManifest_Generation = YES;
				INFOPLIST_KEY_UIApplicationSupportsIndirectInputEvents = YES;
				INFOPLIST_KEY_UILaunchScreen_Generation = YES;
				INFOPLIST_KEY_UISupportedInterfaceOrientations_iPad = "UIInterfaceOrientationPortrait UIInterfaceOrientationPortraitUpsideDown UIInterfaceOrientationLandscapeLeft UIInterfaceOrientationLandscapeRight";
				INFOPLIST_KEY_UISupportedInterfaceOrientations_iPhone = "UIInterfaceOrientationPortrait UIInterfaceOrientationLandscapeLeft UIInterfaceOrientationLandscapeRight";
				LD_RUNPATH_SEARCH_PATHS = (
					"$(inherited)",
					"@executable_path/Frameworks",
				);
				MARKETING_VERSION = 1.0;
				PRODUCT_BUNDLE_IDENTIFIER = me.panwararyan.Project13InstaFilter;
				PRODUCT_NAME = "$(TARGET_NAME)";
				SWIFT_EMIT_LOC_STRINGS = YES;
				SWIFT_VERSION = 5.0;
				TARGETED_DEVICE_FAMILY = "1,2";
			};
			name = Debug;
		};
		B6100C5B2C571A8600D86B45 /* Release */ = {
			isa = XCBuildConfiguration;
			buildSettings = {
				ASSETCATALOG_COMPILER_APPICON_NAME = AppIcon;
				ASSETCATALOG_COMPILER_GLOBAL_ACCENT_COLOR_NAME = AccentColor;
				CODE_SIGN_STYLE = Automatic;
				CURRENT_PROJECT_VERSION = 1;
				DEVELOPMENT_ASSET_PATHS = "\"Project13InstaFilter/Preview Content\"";
				DEVELOPMENT_TEAM = 9675LQ3TRQ;
				ENABLE_PREVIEWS = YES;
				GENERATE_INFOPLIST_FILE = YES;
				INFOPLIST_KEY_UIApplicationSceneManifest_Generation = YES;
				INFOPLIST_KEY_UIApplicationSupportsIndirectInputEvents = YES;
				INFOPLIST_KEY_UILaunchScreen_Generation = YES;
				INFOPLIST_KEY_UISupportedInterfaceOrientations_iPad = "UIInterfaceOrientationPortrait UIInterfaceOrientationPortraitUpsideDown UIInterfaceOrientationLandscapeLeft UIInterfaceOrientationLandscapeRight";
				INFOPLIST_KEY_UISupportedInterfaceOrientations_iPhone = "UIInterfaceOrientationPortrait UIInterfaceOrientationLandscapeLeft UIInterfaceOrientationLandscapeRight";
				LD_RUNPATH_SEARCH_PATHS = (
					"$(inherited)",
					"@executable_path/Frameworks",
				);
				MARKETING_VERSION = 1.0;
				PRODUCT_BUNDLE_IDENTIFIER = me.panwararyan.Project13InstaFilter;
				PRODUCT_NAME = "$(TARGET_NAME)";
				SWIFT_EMIT_LOC_STRINGS = YES;
				SWIFT_VERSION = 5.0;
				TARGETED_DEVICE_FAMILY = "1,2";
			};
			name = Release;
		};
/* End XCBuildConfiguration section */

/* Begin XCConfigurationList section */
		B6100C462C571A8400D86B45 /* Build configuration list for PBXProject "Project13InstaFilter" */ = {
			isa = XCConfigurationList;
			buildConfigurations = (
				B6100C572C571A8600D86B45 /* Debug */,
				B6100C582C571A8600D86B45 /* Release */,
			);
			defaultConfigurationIsVisible = 0;
			defaultConfigurationName = Release;
		};
		B6100C592C571A8600D86B45 /* Build configuration list for PBXNativeTarget "Project13InstaFilter" */ = {
			isa = XCConfigurationList;
			buildConfigurations = (
				B6100C5A2C571A8600D86B45 /* Debug */,
				B6100C5B2C571A8600D86B45 /* Release */,
			);
			defaultConfigurationIsVisible = 0;
			defaultConfigurationName = Release;
		};
/* End XCConfigurationList section */
	};
	rootObject = B6100C432C571A8400D86B45 /* Project object */;
}
